
Microsoft Visual Studio Solution File, Format Version 12.00
# Visual Studio Version 16
VisualStudioVersion = 16.0.32602.291
MinimumVisualStudioVersion = 10.0.40219.1
Project("{FAE04EC0-301F-11D3-BF4B-00C04F79EFBC}") = "6-home-work", "6_HomeWork\6-home-work.csproj", "{241CB80F-2F60-4DB5-BC8B-EE7FE3FE6196}"
EndProject
Global
	GlobalSection(SolutionConfigurationPlatforms) = preSolution
		Debug|Any CPU = Debug|Any CPU
		Release|Any CPU = Release|Any CPU
	EndGlobalSection
	GlobalSection(ProjectConfigurationPlatforms) = postSolution
		{241CB80F-2F60-4DB5-BC8B-EE7FE3FE6196}.Debug|Any CPU.ActiveCfg = Debug|Any CPU
		{241CB80F-2F60-4DB5-BC8B-EE7FE3FE6196}.Debug|Any CPU.Build.0 = Debug|Any CPU
		{241CB80F-2F60-4DB5-BC8B-EE7FE3FE6196}.Release|Any CPU.ActiveCfg = Release|Any CPU
		{241CB80F-2F60-4DB5-BC8B-EE7FE3FE6196}.Release|Any CPU.Build.0 = Release|Any CPU
	EndGlobalSection
	GlobalSection(SolutionProperties) = preSolution
		HideSolutionNode = FALSE
	EndGlobalSection
	GlobalSection(ExtensibilityGlobals) = postSolution
		SolutionGuid = {133975B6-5CE5-46DB-A98B-BEC520227556}
	EndGlobalSection
EndGlobal
